// !$*UTF8*$!
{
	archiveVersion = 1;
	classes = {
	};
	objectVersion = 55;
	objects = {

/* Begin PBXBuildFile section */
		FDCACD8328A7CCA000B5B95D /* View+Extension.swift in Sources */ = {isa = PBXBuildFile; fileRef = FDCACD8228A7CCA000B5B95D /* View+Extension.swift */; };
		FDCACD8528A7CF8E00B5B95D /* ResortView.swift in Sources */ = {isa = PBXBuildFile; fileRef = FDCACD8428A7CF8E00B5B95D /* ResortView.swift */; };
		FDCACD8728A7D07100B5B95D /* SkiDetailsView.swift in Sources */ = {isa = PBXBuildFile; fileRef = FDCACD8628A7D07100B5B95D /* SkiDetailsView.swift */; };
		FDCACD8928A7D1AC00B5B95D /* ResortDetailsView.swift in Sources */ = {isa = PBXBuildFile; fileRef = FDCACD8828A7D1AC00B5B95D /* ResortDetailsView.swift */; };
		FDE7093928A7AF2E00A46F06 /* SnowSeekerApp.swift in Sources */ = {isa = PBXBuildFile; fileRef = FDE7093828A7AF2E00A46F06 /* SnowSeekerApp.swift */; };
		FDE7093B28A7AF2E00A46F06 /* LearningView.swift in Sources */ = {isa = PBXBuildFile; fileRef = FDE7093A28A7AF2E00A46F06 /* LearningView.swift */; };
		FDE7093D28A7AF3100A46F06 /* Assets.xcassets in Resources */ = {isa = PBXBuildFile; fileRef = FDE7093C28A7AF3100A46F06 /* Assets.xcassets */; };
		FDE7094028A7AF3100A46F06 /* Preview Assets.xcassets in Resources */ = {isa = PBXBuildFile; fileRef = FDE7093F28A7AF3100A46F06 /* Preview Assets.xcassets */; };
		FDE7094728A7C64500A46F06 /* MainView.swift in Sources */ = {isa = PBXBuildFile; fileRef = FDE7094628A7C64500A46F06 /* MainView.swift */; };
		FDE7094928A7C6BE00A46F06 /* resorts.json in Resources */ = {isa = PBXBuildFile; fileRef = FDE7094828A7C6BE00A46F06 /* resorts.json */; };
		FDE7094B28A7C72E00A46F06 /* Resort.swift in Sources */ = {isa = PBXBuildFile; fileRef = FDE7094A28A7C72E00A46F06 /* Resort.swift */; };
		FDE7094D28A7C7E800A46F06 /* Bundle+Extension.swift in Sources */ = {isa = PBXBuildFile; fileRef = FDE7094C28A7C7E800A46F06 /* Bundle+Extension.swift */; };
		FDE7094F28A7CADB00A46F06 /* WelcomeView.swift in Sources */ = {isa = PBXBuildFile; fileRef = FDE7094E28A7CADB00A46F06 /* WelcomeView.swift */; };
/* End PBXBuildFile section */

/* Begin PBXFileReference section */
		FDCACD8228A7CCA000B5B95D /* View+Extension.swift */ = {isa = PBXFileReference; lastKnownFileType = sourcecode.swift; path = "View+Extension.swift"; sourceTree = "<group>"; };
		FDCACD8428A7CF8E00B5B95D /* ResortView.swift */ = {isa = PBXFileReference; lastKnownFileType = sourcecode.swift; path = ResortView.swift; sourceTree = "<group>"; };
		FDCACD8628A7D07100B5B95D /* SkiDetailsView.swift */ = {isa = PBXFileReference; lastKnownFileType = sourcecode.swift; path = SkiDetailsView.swift; sourceTree = "<group>"; };
		FDCACD8828A7D1AC00B5B95D /* ResortDetailsView.swift */ = {isa = PBXFileReference; lastKnownFileType = sourcecode.swift; path = ResortDetailsView.swift; sourceTree = "<group>"; };
		FDE7093528A7AF2E00A46F06 /* SnowSeeker.app */ = {isa = PBXFileReference; explicitFileType = wrapper.application; includeInIndex = 0; path = SnowSeeker.app; sourceTree = BUILT_PRODUCTS_DIR; };
		FDE7093828A7AF2E00A46F06 /* SnowSeekerApp.swift */ = {isa = PBXFileReference; lastKnownFileType = sourcecode.swift; path = SnowSeekerApp.swift; sourceTree = "<group>"; };
		FDE7093A28A7AF2E00A46F06 /* LearningView.swift */ = {isa = PBXFileReference; lastKnownFileType = sourcecode.swift; path = LearningView.swift; sourceTree = "<group>"; };
		FDE7093C28A7AF3100A46F06 /* Assets.xcassets */ = {isa = PBXFileReference; lastKnownFileType = folder.assetcatalog; path = Assets.xcassets; sourceTree = "<group>"; };
		FDE7093F28A7AF3100A46F06 /* Preview Assets.xcassets */ = {isa = PBXFileReference; lastKnownFileType = folder.assetcatalog; path = "Preview Assets.xcassets"; sourceTree = "<group>"; };
		FDE7094628A7C64500A46F06 /* MainView.swift */ = {isa = PBXFileReference; lastKnownFileType = sourcecode.swift; path = MainView.swift; sourceTree = "<group>"; };
		FDE7094828A7C6BE00A46F06 /* resorts.json */ = {isa = PBXFileReference; fileEncoding = 4; lastKnownFileType = text.json; path = resorts.json; sourceTree = "<group>"; };
		FDE7094A28A7C72E00A46F06 /* Resort.swift */ = {isa = PBXFileReference; lastKnownFileType = sourcecode.swift; path = Resort.swift; sourceTree = "<group>"; };
		FDE7094C28A7C7E800A46F06 /* Bundle+Extension.swift */ = {isa = PBXFileReference; lastKnownFileType = sourcecode.swift; path = "Bundle+Extension.swift"; sourceTree = "<group>"; };
		FDE7094E28A7CADB00A46F06 /* WelcomeView.swift */ = {isa = PBXFileReference; lastKnownFileType = sourcecode.swift; path = WelcomeView.swift; sourceTree = "<group>"; };
/* End PBXFileReference section */

/* Begin PBXFrameworksBuildPhase section */
		FDE7093228A7AF2E00A46F06 /* Frameworks */ = {
			isa = PBXFrameworksBuildPhase;
			buildActionMask = 2147483647;
			files = (
			);
			runOnlyForDeploymentPostprocessing = 0;
		};
/* End PBXFrameworksBuildPhase section */

/* Begin PBXGroup section */
		FDE7092C28A7AF2E00A46F06 = {
			isa = PBXGroup;
			children = (
				FDE7093728A7AF2E00A46F06 /* SnowSeeker */,
				FDE7093628A7AF2E00A46F06 /* Products */,
			);
			sourceTree = "<group>";
		};
		FDE7093628A7AF2E00A46F06 /* Products */ = {
			isa = PBXGroup;
			children = (
				FDE7093528A7AF2E00A46F06 /* SnowSeeker.app */,
			);
			name = Products;
			sourceTree = "<group>";
		};
		FDE7093728A7AF2E00A46F06 /* SnowSeeker */ = {
			isa = PBXGroup;
			children = (
				FDE7093828A7AF2E00A46F06 /* SnowSeekerApp.swift */,
				FDE7094628A7C64500A46F06 /* MainView.swift */,
				FDCACD8428A7CF8E00B5B95D /* ResortView.swift */,
				FDCACD8628A7D07100B5B95D /* SkiDetailsView.swift */,
				FDCACD8828A7D1AC00B5B95D /* ResortDetailsView.swift */,
				FDE7094E28A7CADB00A46F06 /* WelcomeView.swift */,
				FDE7094A28A7C72E00A46F06 /* Resort.swift */,
				FDCACD8228A7CCA000B5B95D /* View+Extension.swift */,
				FDE7094C28A7C7E800A46F06 /* Bundle+Extension.swift */,
				FDE7093A28A7AF2E00A46F06 /* LearningView.swift */,
				FDE7094828A7C6BE00A46F06 /* resorts.json */,
				FDE7093C28A7AF3100A46F06 /* Assets.xcassets */,
				FDE7093E28A7AF3100A46F06 /* Preview Content */,
			);
			path = SnowSeeker;
			sourceTree = "<group>";
		};
		FDE7093E28A7AF3100A46F06 /* Preview Content */ = {
			isa = PBXGroup;
			children = (
				FDE7093F28A7AF3100A46F06 /* Preview Assets.xcassets */,
			);
			path = "Preview Content";
			sourceTree = "<group>";
		};
/* End PBXGroup section */

/* Begin PBXNativeTarget section */
		FDE7093428A7AF2E00A46F06 /* SnowSeeker */ = {
			isa = PBXNativeTarget;
			buildConfigurationList = FDE7094328A7AF3100A46F06 /* Build configuration list for PBXNativeTarget "SnowSeeker" */;
			buildPhases = (
				FDE7093128A7AF2E00A46F06 /* Sources */,
				FDE7093228A7AF2E00A46F06 /* Frameworks */,
				FDE7093328A7AF2E00A46F06 /* Resources */,
			);
			buildRules = (
			);
			dependencies = (
			);
			name = SnowSeeker;
			productName = SnowSeeker;
			productReference = FDE7093528A7AF2E00A46F06 /* SnowSeeker.app */;
			productType = "com.apple.product-type.application";
		};
/* End PBXNativeTarget section */

/* Begin PBXProject section */
		FDE7092D28A7AF2E00A46F06 /* Project object */ = {
			isa = PBXProject;
			attributes = {
				BuildIndependentTargetsInParallel = 1;
				LastSwiftUpdateCheck = 1340;
				LastUpgradeCheck = 1340;
				TargetAttributes = {
					FDE7093428A7AF2E00A46F06 = {
						CreatedOnToolsVersion = 13.4.1;
					};
				};
			};
			buildConfigurationList = FDE7093028A7AF2E00A46F06 /* Build configuration list for PBXProject "SnowSeeker" */;
			compatibilityVersion = "Xcode 13.0";
			developmentRegion = en;
			hasScannedForEncodings = 0;
			knownRegions = (
				en,
				Base,
			);
			mainGroup = FDE7092C28A7AF2E00A46F06;
			productRefGroup = FDE7093628A7AF2E00A46F06 /* Products */;
			projectDirPath = "";
			projectRoot = "";
			targets = (
				FDE7093428A7AF2E00A46F06 /* SnowSeeker */,
			);
		};
/* End PBXProject section */

/* Begin PBXResourcesBuildPhase section */
		FDE7093328A7AF2E00A46F06 /* Resources */ = {
			isa = PBXResourcesBuildPhase;
			buildActionMask = 2147483647;
			files = (
				FDE7094928A7C6BE00A46F06 /* resorts.json in Resources */,
				FDE7094028A7AF3100A46F06 /* Preview Assets.xcassets in Resources */,
				FDE7093D28A7AF3100A46F06 /* Assets.xcassets in Resources */,
			);
			runOnlyForDeploymentPostprocessing = 0;
		};
/* End PBXResourcesBuildPhase section */

/* Begin PBXSourcesBuildPhase section */
		FDE7093128A7AF2E00A46F06 /* Sources */ = {
			isa = PBXSourcesBuildPhase;
			buildActionMask = 2147483647;
			files = (
				FDCACD8928A7D1AC00B5B95D /* ResortDetailsView.swift in Sources */,
				FDE7093B28A7AF2E00A46F06 /* LearningView.swift in Sources */,
				FDE7094F28A7CADB00A46F06 /* WelcomeView.swift in Sources */,
				FDE7094D28A7C7E800A46F06 /* Bundle+Extension.swift in Sources */,
				FDE7094728A7C64500A46F06 /* MainView.swift in Sources */,
				FDCACD8728A7D07100B5B95D /* SkiDetailsView.swift in Sources */,
				FDE7094B28A7C72E00A46F06 /* Resort.swift in Sources */,
				FDCACD8528A7CF8E00B5B95D /* ResortView.swift in Sources */,
				FDCACD8328A7CCA000B5B95D /* View+Extension.swift in Sources */,
				FDE7093928A7AF2E00A46F06 /* SnowSeekerApp.swift in Sources */,
			);
			runOnlyForDeploymentPostprocessing = 0;
		};
/* End PBXSourcesBuildPhase section */

/* Begin XCBuildConfiguration section */
		FDE7094128A7AF3100A46F06 /* Debug */ = {
			isa = XCBuildConfiguration;
			buildSettings = {
				ALWAYS_SEARCH_USER_PATHS = NO;
				CLANG_ANALYZER_NONNULL = YES;
				CLANG_ANALYZER_NUMBER_OBJECT_CONVERSION = YES_AGGRESSIVE;
				CLANG_CXX_LANGUAGE_STANDARD = "gnu++17";
				CLANG_ENABLE_MODULES = YES;
				CLANG_ENABLE_OBJC_ARC = YES;
				CLANG_ENABLE_OBJC_WEAK = YES;
				CLANG_WARN_BLOCK_CAPTURE_AUTORELEASING = YES;
				CLANG_WARN_BOOL_CONVERSION = YES;
				CLANG_WARN_COMMA = YES;
				CLANG_WARN_CONSTANT_CONVERSION = YES;
				CLANG_WARN_DEPRECATED_OBJC_IMPLEMENTATIONS = YES;
				CLANG_WARN_DIRECT_OBJC_ISA_USAGE = YES_ERROR;
				CLANG_WARN_DOCUMENTATION_COMMENTS = YES;
				CLANG_WARN_EMPTY_BODY = YES;
				CLANG_WARN_ENUM_CONVERSION = YES;
				CLANG_WARN_INFINITE_RECURSION = YES;
				CLANG_WARN_INT_CONVERSION = YES;
				CLANG_WARN_NON_LITERAL_NULL_CONVERSION = YES;
				CLANG_WARN_OBJC_IMPLICIT_RETAIN_SELF = YES;
				CLANG_WARN_OBJC_LITERAL_CONVERSION = YES;
				CLANG_WARN_OBJC_ROOT_CLASS = YES_ERROR;
				CLANG_WARN_QUOTED_INCLUDE_IN_FRAMEWORK_HEADER = YES;
				CLANG_WARN_RANGE_LOOP_ANALYSIS = YES;
				CLANG_WARN_STRICT_PROTOTYPES = YES;
				CLANG_WARN_SUSPICIOUS_MOVE = YES;
				CLANG_WARN_UNGUARDED_AVAILABILITY = YES_AGGRESSIVE;
				CLANG_WARN_UNREACHABLE_CODE = YES;
				CLANG_WARN__DUPLICATE_METHOD_MATCH = YES;
				COPY_PHASE_STRIP = NO;
				DEBUG_INFORMATION_FORMAT = dwarf;
				ENABLE_STRICT_OBJC_MSGSEND = YES;
				ENABLE_TESTABILITY = YES;
				GCC_C_LANGUAGE_STANDARD = gnu11;
				GCC_DYNAMIC_NO_PIC = NO;
				GCC_NO_COMMON_BLOCKS = YES;
				GCC_OPTIMIZATION_LEVEL = 0;
				GCC_PREPROCESSOR_DEFINITIONS = (
					"DEBUG=1",
					"$(inherited)",
				);
				GCC_WARN_64_TO_32_BIT_CONVERSION = YES;
				GCC_WARN_ABOUT_RETURN_TYPE = YES_ERROR;
				GCC_WARN_UNDECLARED_SELECTOR = YES;
				GCC_WARN_UNINITIALIZED_AUTOS = YES_AGGRESSIVE;
				GCC_WARN_UNUSED_FUNCTION = YES;
				GCC_WARN_UNUSED_VARIABLE = YES;
				IPHONEOS_DEPLOYMENT_TARGET = 15.5;
				MTL_ENABLE_DEBUG_INFO = INCLUDE_SOURCE;
				MTL_FAST_MATH = YES;
				ONLY_ACTIVE_ARCH = YES;
				SDKROOT = iphoneos;
				SWIFT_ACTIVE_COMPILATION_CONDITIONS = DEBUG;
				SWIFT_OPTIMIZATION_LEVEL = "-Onone";
			};
			name = Debug;
		};
		FDE7094228A7AF3100A46F06 /* Release */ = {
			isa = XCBuildConfiguration;
			buildSettings = {
				ALWAYS_SEARCH_USER_PATHS = NO;
				CLANG_ANALYZER_NONNULL = YES;
				CLANG_ANALYZER_NUMBER_OBJECT_CONVERSION = YES_AGGRESSIVE;
				CLANG_CXX_LANGUAGE_STANDARD = "gnu++17";
				CLANG_ENABLE_MODULES = YES;
				CLANG_ENABLE_OBJC_ARC = YES;
				CLANG_ENABLE_OBJC_WEAK = YES;
				CLANG_WARN_BLOCK_CAPTURE_AUTORELEASING = YES;
				CLANG_WARN_BOOL_CONVERSION = YES;
				CLANG_WARN_COMMA = YES;
				CLANG_WARN_CONSTANT_CONVERSION = YES;
				CLANG_WARN_DEPRECATED_OBJC_IMPLEMENTATIONS = YES;
				CLANG_WARN_DIRECT_OBJC_ISA_USAGE = YES_ERROR;
				CLANG_WARN_DOCUMENTATION_COMMENTS = YES;
				CLANG_WARN_EMPTY_BODY = YES;
				CLANG_WARN_ENUM_CONVERSION = YES;
				CLANG_WARN_INFINITE_RECURSION = YES;
				CLANG_WARN_INT_CONVERSION = YES;
				CLANG_WARN_NON_LITERAL_NULL_CONVERSION = YES;
				CLANG_WARN_OBJC_IMPLICIT_RETAIN_SELF = YES;
				CLANG_WARN_OBJC_LITERAL_CONVERSION = YES;
				CLANG_WARN_OBJC_ROOT_CLASS = YES_ERROR;
				CLANG_WARN_QUOTED_INCLUDE_IN_FRAMEWORK_HEADER = YES;
				CLANG_WARN_RANGE_LOOP_ANALYSIS = YES;
				CLANG_WARN_STRICT_PROTOTYPES = YES;
				CLANG_WARN_SUSPICIOUS_MOVE = YES;
				CLANG_WARN_UNGUARDED_AVAILABILITY = YES_AGGRESSIVE;
				CLANG_WARN_UNREACHABLE_CODE = YES;
				CLANG_WARN__DUPLICATE_METHOD_MATCH = YES;
				COPY_PHASE_STRIP = NO;
				DEBUG_INFORMATION_FORMAT = "dwarf-with-dsym";
				ENABLE_NS_ASSERTIONS = NO;
				ENABLE_STRICT_OBJC_MSGSEND = YES;
				GCC_C_LANGUAGE_STANDARD = gnu11;
				GCC_NO_COMMON_BLOCKS = YES;
				GCC_WARN_64_TO_32_BIT_CONVERSION = YES;
				GCC_WARN_ABOUT_RETURN_TYPE = YES_ERROR;
				GCC_WARN_UNDECLARED_SELECTOR = YES;
				GCC_WARN_UNINITIALIZED_AUTOS = YES_AGGRESSIVE;
				GCC_WARN_UNUSED_FUNCTION = YES;
				GCC_WARN_UNUSED_VARIABLE = YES;
				IPHONEOS_DEPLOYMENT_TARGET = 15.5;
				MTL_ENABLE_DEBUG_INFO = NO;
				MTL_FAST_MATH = YES;
				SDKROOT = iphoneos;
				SWIFT_COMPILATION_MODE = wholemodule;
				SWIFT_OPTIMIZATION_LEVEL = "-O";
				VALIDATE_PRODUCT = YES;
			};
			name = Release;
		};
		FDE7094428A7AF3100A46F06 /* Debug */ = {
			isa = XCBuildConfiguration;
			buildSettings = {
				ASSETCATALOG_COMPILER_APPICON_NAME = AppIcon;
				ASSETCATALOG_COMPILER_GLOBAL_ACCENT_COLOR_NAME = AccentColor;
				CODE_SIGN_STYLE = Automatic;
				CURRENT_PROJECT_VERSION = 1;
				DEVELOPMENT_ASSET_PATHS = "\"SnowSeeker/Preview Content\"";
				DEVELOPMENT_TEAM = 93336KV4Q7;
				ENABLE_PREVIEWS = YES;
				GENERATE_INFOPLIST_FILE = YES;
				INFOPLIST_KEY_UIApplicationSceneManifest_Generation = YES;
				INFOPLIST_KEY_UIApplicationSupportsIndirectInputEvents = YES;
				INFOPLIST_KEY_UILaunchScreen_Generation = YES;
				INFOPLIST_KEY_UISupportedInterfaceOrientations_iPad = "UIInterfaceOrientationPortrait UIInterfaceOrientationPortraitUpsideDown UIInterfaceOrientationLandscapeLeft UIInterfaceOrientationLandscapeRight";
				INFOPLIST_KEY_UISupportedInterfaceOrientations_iPhone = "UIInterfaceOrientationPortrait UIInterfaceOrientationLandscapeLeft UIInterfaceOrientationLandscapeRight";
				LD_RUNPATH_SEARCH_PATHS = (
					"$(inherited)",
					"@executable_path/Frameworks",
				);
				MARKETING_VERSION = 1.0;
				PRODUCT_BUNDLE_IDENTIFIER = com.nadzeya.shpakouskaya.SnowSeeker;
				PRODUCT_NAME = "$(TARGET_NAME)";
				SWIFT_EMIT_LOC_STRINGS = YES;
				SWIFT_VERSION = 5.0;
				TARGETED_DEVICE_FAMILY = "1,2";
			};
			name = Debug;
		};
		FDE7094528A7AF3100A46F06 /* Release */ = {
			isa = XCBuildConfiguration;
			buildSettings = {
				ASSETCATALOG_COMPILER_APPICON_NAME = AppIcon;
				ASSETCATALOG_COMPILER_GLOBAL_ACCENT_COLOR_NAME = AccentColor;
				CODE_SIGN_STYLE = Automatic;
				CURRENT_PROJECT_VERSION = 1;
				DEVELOPMENT_ASSET_PATHS = "\"SnowSeeker/Preview Content\"";
				DEVELOPMENT_TEAM = 93336KV4Q7;
				ENABLE_PREVIEWS = YES;
				GENERATE_INFOPLIST_FILE = YES;
				INFOPLIST_KEY_UIApplicationSceneManifest_Generation = YES;
				INFOPLIST_KEY_UIApplicationSupportsIndirectInputEvents = YES;
				INFOPLIST_KEY_UILaunchScreen_Generation = YES;
				INFOPLIST_KEY_UISupportedInterfaceOrientations_iPad = "UIInterfaceOrientationPortrait UIInterfaceOrientationPortraitUpsideDown UIInterfaceOrientationLandscapeLeft UIInterfaceOrientationLandscapeRight";
				INFOPLIST_KEY_UISupportedInterfaceOrientations_iPhone = "UIInterfaceOrientationPortrait UIInterfaceOrientationLandscapeLeft UIInterfaceOrientationLandscapeRight";
				LD_RUNPATH_SEARCH_PATHS = (
					"$(inherited)",
					"@executable_path/Frameworks",
				);
				MARKETING_VERSION = 1.0;
				PRODUCT_BUNDLE_IDENTIFIER = com.nadzeya.shpakouskaya.SnowSeeker;
				PRODUCT_NAME = "$(TARGET_NAME)";
				SWIFT_EMIT_LOC_STRINGS = YES;
				SWIFT_VERSION = 5.0;
				TARGETED_DEVICE_FAMILY = "1,2";
			};
			name = Release;
		};
/* End XCBuildConfiguration section */

/* Begin XCConfigurationList section */
		FDE7093028A7AF2E00A46F06 /* Build configuration list for PBXProject "SnowSeeker" */ = {
			isa = XCConfigurationList;
			buildConfigurations = (
				FDE7094128A7AF3100A46F06 /* Debug */,
				FDE7094228A7AF3100A46F06 /* Release */,
			);
			defaultConfigurationIsVisible = 0;
			defaultConfigurationName = Release;
		};
		FDE7094328A7AF3100A46F06 /* Build configuration list for PBXNativeTarget "SnowSeeker" */ = {
			isa = XCConfigurationList;
			buildConfigurations = (
				FDE7094428A7AF3100A46F06 /* Debug */,
				FDE7094528A7AF3100A46F06 /* Release */,
			);
			defaultConfigurationIsVisible = 0;
			defaultConfigurationName = Release;
		};
/* End XCConfigurationList section */
	};
	rootObject = FDE7092D28A7AF2E00A46F06 /* Project object */;
}
