// !$*UTF8*$!
{
	archiveVersion = 1;
	classes = {
	};
	objectVersion = 55;
	objects = {

/* Begin PBXBuildFile section */
		FD42E00E28A4E9C70068464D /* DataManager.swift in Sources */ = {isa = PBXBuildFile; fileRef = FD42E00D28A4E9C70068464D /* DataManager.swift */; };
		FD42E01028A4EF880068464D /* SavedResultsView.swift in Sources */ = {isa = PBXBuildFile; fileRef = FD42E00F28A4EF880068464D /* SavedResultsView.swift */; };
		FD42E01228A510CA0068464D /* ShakeDetector+Extension.swift in Sources */ = {isa = PBXBuildFile; fileRef = FD42E01128A510CA0068464D /* ShakeDetector+Extension.swift */; };
		FD42E01428A512710068464D /* ViewModifiers.swift in Sources */ = {isa = PBXBuildFile; fileRef = FD42E01328A512710068464D /* ViewModifiers.swift */; };
		FD505EA228A378F200CF92F1 /* RollDicesApp.swift in Sources */ = {isa = PBXBuildFile; fileRef = FD505EA128A378F200CF92F1 /* RollDicesApp.swift */; };
		FD505EA628A378F800CF92F1 /* Assets.xcassets in Resources */ = {isa = PBXBuildFile; fileRef = FD505EA528A378F800CF92F1 /* Assets.xcassets */; };
		FD505EA928A378F800CF92F1 /* Preview Assets.xcassets in Resources */ = {isa = PBXBuildFile; fileRef = FD505EA828A378F800CF92F1 /* Preview Assets.xcassets */; };
		FD505EB028A3793900CF92F1 /* SettingsView.swift in Sources */ = {isa = PBXBuildFile; fileRef = FD505EAF28A3793900CF92F1 /* SettingsView.swift */; };
		FD505EB228A3797A00CF92F1 /* RollResult.swift in Sources */ = {isa = PBXBuildFile; fileRef = FD505EB128A3797A00CF92F1 /* RollResult.swift */; };
		FDFDBB4028A39F3800DB755F /* RolledDicesView.swift in Sources */ = {isa = PBXBuildFile; fileRef = FDFDBB3F28A39F3800DB755F /* RolledDicesView.swift */; };
/* End PBXBuildFile section */

/* Begin PBXFileReference section */
		FD42E00D28A4E9C70068464D /* DataManager.swift */ = {isa = PBXFileReference; lastKnownFileType = sourcecode.swift; path = DataManager.swift; sourceTree = "<group>"; };
		FD42E00F28A4EF880068464D /* SavedResultsView.swift */ = {isa = PBXFileReference; lastKnownFileType = sourcecode.swift; path = SavedResultsView.swift; sourceTree = "<group>"; };
		FD42E01128A510CA0068464D /* ShakeDetector+Extension.swift */ = {isa = PBXFileReference; lastKnownFileType = sourcecode.swift; path = "ShakeDetector+Extension.swift"; sourceTree = "<group>"; };
		FD42E01328A512710068464D /* ViewModifiers.swift */ = {isa = PBXFileReference; lastKnownFileType = sourcecode.swift; path = ViewModifiers.swift; sourceTree = "<group>"; };
		FD505E9E28A378F200CF92F1 /* RollDices.app */ = {isa = PBXFileReference; explicitFileType = wrapper.application; includeInIndex = 0; path = RollDices.app; sourceTree = BUILT_PRODUCTS_DIR; };
		FD505EA128A378F200CF92F1 /* RollDicesApp.swift */ = {isa = PBXFileReference; lastKnownFileType = sourcecode.swift; path = RollDicesApp.swift; sourceTree = "<group>"; };
		FD505EA528A378F800CF92F1 /* Assets.xcassets */ = {isa = PBXFileReference; lastKnownFileType = folder.assetcatalog; path = Assets.xcassets; sourceTree = "<group>"; };
		FD505EA828A378F800CF92F1 /* Preview Assets.xcassets */ = {isa = PBXFileReference; lastKnownFileType = folder.assetcatalog; path = "Preview Assets.xcassets"; sourceTree = "<group>"; };
		FD505EAF28A3793900CF92F1 /* SettingsView.swift */ = {isa = PBXFileReference; lastKnownFileType = sourcecode.swift; path = SettingsView.swift; sourceTree = "<group>"; };
		FD505EB128A3797A00CF92F1 /* RollResult.swift */ = {isa = PBXFileReference; lastKnownFileType = sourcecode.swift; path = RollResult.swift; sourceTree = "<group>"; };
		FDFDBB3F28A39F3800DB755F /* RolledDicesView.swift */ = {isa = PBXFileReference; lastKnownFileType = sourcecode.swift; path = RolledDicesView.swift; sourceTree = "<group>"; };
/* End PBXFileReference section */

/* Begin PBXFrameworksBuildPhase section */
		FD505E9B28A378F200CF92F1 /* Frameworks */ = {
			isa = PBXFrameworksBuildPhase;
			buildActionMask = 2147483647;
			files = (
			);
			runOnlyForDeploymentPostprocessing = 0;
		};
/* End PBXFrameworksBuildPhase section */

/* Begin PBXGroup section */
		FD505E9528A378F200CF92F1 = {
			isa = PBXGroup;
			children = (
				FD505EA028A378F200CF92F1 /* RollDices */,
				FD505E9F28A378F200CF92F1 /* Products */,
			);
			sourceTree = "<group>";
		};
		FD505E9F28A378F200CF92F1 /* Products */ = {
			isa = PBXGroup;
			children = (
				FD505E9E28A378F200CF92F1 /* RollDices.app */,
			);
			name = Products;
			sourceTree = "<group>";
		};
		FD505EA028A378F200CF92F1 /* RollDices */ = {
			isa = PBXGroup;
			children = (
				FD505EA128A378F200CF92F1 /* RollDicesApp.swift */,
				FD505EAF28A3793900CF92F1 /* SettingsView.swift */,
				FDFDBB3F28A39F3800DB755F /* RolledDicesView.swift */,
				FD42E00F28A4EF880068464D /* SavedResultsView.swift */,
				FD42E00D28A4E9C70068464D /* DataManager.swift */,
				FD42E01128A510CA0068464D /* ShakeDetector+Extension.swift */,
				FD42E01328A512710068464D /* ViewModifiers.swift */,
				FD505EB128A3797A00CF92F1 /* RollResult.swift */,
				FD505EA528A378F800CF92F1 /* Assets.xcassets */,
				FD505EA728A378F800CF92F1 /* Preview Content */,
			);
			path = RollDices;
			sourceTree = "<group>";
		};
		FD505EA728A378F800CF92F1 /* Preview Content */ = {
			isa = PBXGroup;
			children = (
				FD505EA828A378F800CF92F1 /* Preview Assets.xcassets */,
			);
			path = "Preview Content";
			sourceTree = "<group>";
		};
/* End PBXGroup section */

/* Begin PBXNativeTarget section */
		FD505E9D28A378F200CF92F1 /* RollDices */ = {
			isa = PBXNativeTarget;
			buildConfigurationList = FD505EAC28A378F800CF92F1 /* Build configuration list for PBXNativeTarget "RollDices" */;
			buildPhases = (
				FD505E9A28A378F200CF92F1 /* Sources */,
				FD505E9B28A378F200CF92F1 /* Frameworks */,
				FD505E9C28A378F200CF92F1 /* Resources */,
			);
			buildRules = (
			);
			dependencies = (
			);
			name = RollDices;
			productName = RollDices;
			productReference = FD505E9E28A378F200CF92F1 /* RollDices.app */;
			productType = "com.apple.product-type.application";
		};
/* End PBXNativeTarget section */

/* Begin PBXProject section */
		FD505E9628A378F200CF92F1 /* Project object */ = {
			isa = PBXProject;
			attributes = {
				BuildIndependentTargetsInParallel = 1;
				LastSwiftUpdateCheck = 1340;
				LastUpgradeCheck = 1340;
				TargetAttributes = {
					FD505E9D28A378F200CF92F1 = {
						CreatedOnToolsVersion = 13.4.1;
					};
				};
			};
			buildConfigurationList = FD505E9928A378F200CF92F1 /* Build configuration list for PBXProject "RollDices" */;
			compatibilityVersion = "Xcode 13.0";
			developmentRegion = en;
			hasScannedForEncodings = 0;
			knownRegions = (
				en,
				Base,
			);
			mainGroup = FD505E9528A378F200CF92F1;
			productRefGroup = FD505E9F28A378F200CF92F1 /* Products */;
			projectDirPath = "";
			projectRoot = "";
			targets = (
				FD505E9D28A378F200CF92F1 /* RollDices */,
			);
		};
/* End PBXProject section */

/* Begin PBXResourcesBuildPhase section */
		FD505E9C28A378F200CF92F1 /* Resources */ = {
			isa = PBXResourcesBuildPhase;
			buildActionMask = 2147483647;
			files = (
				FD505EA928A378F800CF92F1 /* Preview Assets.xcassets in Resources */,
				FD505EA628A378F800CF92F1 /* Assets.xcassets in Resources */,
			);
			runOnlyForDeploymentPostprocessing = 0;
		};
/* End PBXResourcesBuildPhase section */

/* Begin PBXSourcesBuildPhase section */
		FD505E9A28A378F200CF92F1 /* Sources */ = {
			isa = PBXSourcesBuildPhase;
			buildActionMask = 2147483647;
			files = (
				FD505EB028A3793900CF92F1 /* SettingsView.swift in Sources */,
				FD42E01028A4EF880068464D /* SavedResultsView.swift in Sources */,
				FD42E00E28A4E9C70068464D /* DataManager.swift in Sources */,
				FD42E01428A512710068464D /* ViewModifiers.swift in Sources */,
				FDFDBB4028A39F3800DB755F /* RolledDicesView.swift in Sources */,
				FD505EA228A378F200CF92F1 /* RollDicesApp.swift in Sources */,
				FD42E01228A510CA0068464D /* ShakeDetector+Extension.swift in Sources */,
				FD505EB228A3797A00CF92F1 /* RollResult.swift in Sources */,
			);
			runOnlyForDeploymentPostprocessing = 0;
		};
/* End PBXSourcesBuildPhase section */

/* Begin XCBuildConfiguration section */
		FD505EAA28A378F800CF92F1 /* Debug */ = {
			isa = XCBuildConfiguration;
			buildSettings = {
				ALWAYS_SEARCH_USER_PATHS = NO;
				CLANG_ANALYZER_NONNULL = YES;
				CLANG_ANALYZER_NUMBER_OBJECT_CONVERSION = YES_AGGRESSIVE;
				CLANG_CXX_LANGUAGE_STANDARD = "gnu++17";
				CLANG_ENABLE_MODULES = YES;
				CLANG_ENABLE_OBJC_ARC = YES;
				CLANG_ENABLE_OBJC_WEAK = YES;
				CLANG_WARN_BLOCK_CAPTURE_AUTORELEASING = YES;
				CLANG_WARN_BOOL_CONVERSION = YES;
				CLANG_WARN_COMMA = YES;
				CLANG_WARN_CONSTANT_CONVERSION = YES;
				CLANG_WARN_DEPRECATED_OBJC_IMPLEMENTATIONS = YES;
				CLANG_WARN_DIRECT_OBJC_ISA_USAGE = YES_ERROR;
				CLANG_WARN_DOCUMENTATION_COMMENTS = YES;
				CLANG_WARN_EMPTY_BODY = YES;
				CLANG_WARN_ENUM_CONVERSION = YES;
				CLANG_WARN_INFINITE_RECURSION = YES;
				CLANG_WARN_INT_CONVERSION = YES;
				CLANG_WARN_NON_LITERAL_NULL_CONVERSION = YES;
				CLANG_WARN_OBJC_IMPLICIT_RETAIN_SELF = YES;
				CLANG_WARN_OBJC_LITERAL_CONVERSION = YES;
				CLANG_WARN_OBJC_ROOT_CLASS = YES_ERROR;
				CLANG_WARN_QUOTED_INCLUDE_IN_FRAMEWORK_HEADER = YES;
				CLANG_WARN_RANGE_LOOP_ANALYSIS = YES;
				CLANG_WARN_STRICT_PROTOTYPES = YES;
				CLANG_WARN_SUSPICIOUS_MOVE = YES;
				CLANG_WARN_UNGUARDED_AVAILABILITY = YES_AGGRESSIVE;
				CLANG_WARN_UNREACHABLE_CODE = YES;
				CLANG_WARN__DUPLICATE_METHOD_MATCH = YES;
				COPY_PHASE_STRIP = NO;
				DEBUG_INFORMATION_FORMAT = dwarf;
				ENABLE_STRICT_OBJC_MSGSEND = YES;
				ENABLE_TESTABILITY = YES;
				GCC_C_LANGUAGE_STANDARD = gnu11;
				GCC_DYNAMIC_NO_PIC = NO;
				GCC_NO_COMMON_BLOCKS = YES;
				GCC_OPTIMIZATION_LEVEL = 0;
				GCC_PREPROCESSOR_DEFINITIONS = (
					"DEBUG=1",
					"$(inherited)",
				);
				GCC_WARN_64_TO_32_BIT_CONVERSION = YES;
				GCC_WARN_ABOUT_RETURN_TYPE = YES_ERROR;
				GCC_WARN_UNDECLARED_SELECTOR = YES;
				GCC_WARN_UNINITIALIZED_AUTOS = YES_AGGRESSIVE;
				GCC_WARN_UNUSED_FUNCTION = YES;
				GCC_WARN_UNUSED_VARIABLE = YES;
				IPHONEOS_DEPLOYMENT_TARGET = 15.5;
				MTL_ENABLE_DEBUG_INFO = INCLUDE_SOURCE;
				MTL_FAST_MATH = YES;
				ONLY_ACTIVE_ARCH = YES;
				SDKROOT = iphoneos;
				SWIFT_ACTIVE_COMPILATION_CONDITIONS = DEBUG;
				SWIFT_OPTIMIZATION_LEVEL = "-Onone";
			};
			name = Debug;
		};
		FD505EAB28A378F800CF92F1 /* Release */ = {
			isa = XCBuildConfiguration;
			buildSettings = {
				ALWAYS_SEARCH_USER_PATHS = NO;
				CLANG_ANALYZER_NONNULL = YES;
				CLANG_ANALYZER_NUMBER_OBJECT_CONVERSION = YES_AGGRESSIVE;
				CLANG_CXX_LANGUAGE_STANDARD = "gnu++17";
				CLANG_ENABLE_MODULES = YES;
				CLANG_ENABLE_OBJC_ARC = YES;
				CLANG_ENABLE_OBJC_WEAK = YES;
				CLANG_WARN_BLOCK_CAPTURE_AUTORELEASING = YES;
				CLANG_WARN_BOOL_CONVERSION = YES;
				CLANG_WARN_COMMA = YES;
				CLANG_WARN_CONSTANT_CONVERSION = YES;
				CLANG_WARN_DEPRECATED_OBJC_IMPLEMENTATIONS = YES;
				CLANG_WARN_DIRECT_OBJC_ISA_USAGE = YES_ERROR;
				CLANG_WARN_DOCUMENTATION_COMMENTS = YES;
				CLANG_WARN_EMPTY_BODY = YES;
				CLANG_WARN_ENUM_CONVERSION = YES;
				CLANG_WARN_INFINITE_RECURSION = YES;
				CLANG_WARN_INT_CONVERSION = YES;
				CLANG_WARN_NON_LITERAL_NULL_CONVERSION = YES;
				CLANG_WARN_OBJC_IMPLICIT_RETAIN_SELF = YES;
				CLANG_WARN_OBJC_LITERAL_CONVERSION = YES;
				CLANG_WARN_OBJC_ROOT_CLASS = YES_ERROR;
				CLANG_WARN_QUOTED_INCLUDE_IN_FRAMEWORK_HEADER = YES;
				CLANG_WARN_RANGE_LOOP_ANALYSIS = YES;
				CLANG_WARN_STRICT_PROTOTYPES = YES;
				CLANG_WARN_SUSPICIOUS_MOVE = YES;
				CLANG_WARN_UNGUARDED_AVAILABILITY = YES_AGGRESSIVE;
				CLANG_WARN_UNREACHABLE_CODE = YES;
				CLANG_WARN__DUPLICATE_METHOD_MATCH = YES;
				COPY_PHASE_STRIP = NO;
				DEBUG_INFORMATION_FORMAT = "dwarf-with-dsym";
				ENABLE_NS_ASSERTIONS = NO;
				ENABLE_STRICT_OBJC_MSGSEND = YES;
				GCC_C_LANGUAGE_STANDARD = gnu11;
				GCC_NO_COMMON_BLOCKS = YES;
				GCC_WARN_64_TO_32_BIT_CONVERSION = YES;
				GCC_WARN_ABOUT_RETURN_TYPE = YES_ERROR;
				GCC_WARN_UNDECLARED_SELECTOR = YES;
				GCC_WARN_UNINITIALIZED_AUTOS = YES_AGGRESSIVE;
				GCC_WARN_UNUSED_FUNCTION = YES;
				GCC_WARN_UNUSED_VARIABLE = YES;
				IPHONEOS_DEPLOYMENT_TARGET = 15.5;
				MTL_ENABLE_DEBUG_INFO = NO;
				MTL_FAST_MATH = YES;
				SDKROOT = iphoneos;
				SWIFT_COMPILATION_MODE = wholemodule;
				SWIFT_OPTIMIZATION_LEVEL = "-O";
				VALIDATE_PRODUCT = YES;
			};
			name = Release;
		};
		FD505EAD28A378F800CF92F1 /* Debug */ = {
			isa = XCBuildConfiguration;
			buildSettings = {
				ASSETCATALOG_COMPILER_APPICON_NAME = AppIcon;
				ASSETCATALOG_COMPILER_GLOBAL_ACCENT_COLOR_NAME = AccentColor;
				CODE_SIGN_STYLE = Automatic;
				CURRENT_PROJECT_VERSION = 1;
				DEVELOPMENT_ASSET_PATHS = "\"RollDices/Preview Content\"";
				DEVELOPMENT_TEAM = 93336KV4Q7;
				ENABLE_PREVIEWS = YES;
				GENERATE_INFOPLIST_FILE = YES;
				INFOPLIST_KEY_UIApplicationSceneManifest_Generation = YES;
				INFOPLIST_KEY_UIApplicationSupportsIndirectInputEvents = YES;
				INFOPLIST_KEY_UILaunchScreen_Generation = YES;
				INFOPLIST_KEY_UISupportedInterfaceOrientations_iPad = "UIInterfaceOrientationPortrait UIInterfaceOrientationPortraitUpsideDown UIInterfaceOrientationLandscapeLeft UIInterfaceOrientationLandscapeRight";
				INFOPLIST_KEY_UISupportedInterfaceOrientations_iPhone = "UIInterfaceOrientationPortrait UIInterfaceOrientationLandscapeLeft UIInterfaceOrientationLandscapeRight";
				LD_RUNPATH_SEARCH_PATHS = (
					"$(inherited)",
					"@executable_path/Frameworks",
				);
				MARKETING_VERSION = 1.0;
				PRODUCT_BUNDLE_IDENTIFIER = com.nadzeya.shpakouskaya.RollDices;
				PRODUCT_NAME = "$(TARGET_NAME)";
				SWIFT_EMIT_LOC_STRINGS = YES;
				SWIFT_VERSION = 5.0;
				TARGETED_DEVICE_FAMILY = "1,2";
			};
			name = Debug;
		};
		FD505EAE28A378F800CF92F1 /* Release */ = {
			isa = XCBuildConfiguration;
			buildSettings = {
				ASSETCATALOG_COMPILER_APPICON_NAME = AppIcon;
				ASSETCATALOG_COMPILER_GLOBAL_ACCENT_COLOR_NAME = AccentColor;
				CODE_SIGN_STYLE = Automatic;
				CURRENT_PROJECT_VERSION = 1;
				DEVELOPMENT_ASSET_PATHS = "\"RollDices/Preview Content\"";
				DEVELOPMENT_TEAM = 93336KV4Q7;
				ENABLE_PREVIEWS = YES;
				GENERATE_INFOPLIST_FILE = YES;
				INFOPLIST_KEY_UIApplicationSceneManifest_Generation = YES;
				INFOPLIST_KEY_UIApplicationSupportsIndirectInputEvents = YES;
				INFOPLIST_KEY_UILaunchScreen_Generation = YES;
				INFOPLIST_KEY_UISupportedInterfaceOrientations_iPad = "UIInterfaceOrientationPortrait UIInterfaceOrientationPortraitUpsideDown UIInterfaceOrientationLandscapeLeft UIInterfaceOrientationLandscapeRight";
				INFOPLIST_KEY_UISupportedInterfaceOrientations_iPhone = "UIInterfaceOrientationPortrait UIInterfaceOrientationLandscapeLeft UIInterfaceOrientationLandscapeRight";
				LD_RUNPATH_SEARCH_PATHS = (
					"$(inherited)",
					"@executable_path/Frameworks",
				);
				MARKETING_VERSION = 1.0;
				PRODUCT_BUNDLE_IDENTIFIER = com.nadzeya.shpakouskaya.RollDices;
				PRODUCT_NAME = "$(TARGET_NAME)";
				SWIFT_EMIT_LOC_STRINGS = YES;
				SWIFT_VERSION = 5.0;
				TARGETED_DEVICE_FAMILY = "1,2";
			};
			name = Release;
		};
/* End XCBuildConfiguration section */

/* Begin XCConfigurationList section */
		FD505E9928A378F200CF92F1 /* Build configuration list for PBXProject "RollDices" */ = {
			isa = XCConfigurationList;
			buildConfigurations = (
				FD505EAA28A378F800CF92F1 /* Debug */,
				FD505EAB28A378F800CF92F1 /* Release */,
			);
			defaultConfigurationIsVisible = 0;
			defaultConfigurationName = Release;
		};
		FD505EAC28A378F800CF92F1 /* Build configuration list for PBXNativeTarget "RollDices" */ = {
			isa = XCConfigurationList;
			buildConfigurations = (
				FD505EAD28A378F800CF92F1 /* Debug */,
				FD505EAE28A378F800CF92F1 /* Release */,
			);
			defaultConfigurationIsVisible = 0;
			defaultConfigurationName = Release;
		};
/* End XCConfigurationList section */
	};
	rootObject = FD505E9628A378F200CF92F1 /* Project object */;
}
