// !$*UTF8*$!
{
	archiveVersion = 1;
	classes = {
	};
	objectVersion = 55;
	objects = {

/* Begin PBXBuildFile section */
		FDEB84C428489A8C00265219 /* AnimationsApp.swift in Sources */ = {isa = PBXBuildFile; fileRef = FDEB84C328489A8C00265219 /* AnimationsApp.swift */; };
		FDEB84C628489A8C00265219 /* ContentView.swift in Sources */ = {isa = PBXBuildFile; fileRef = FDEB84C528489A8C00265219 /* ContentView.swift */; };
		FDEB84C828489A8D00265219 /* Assets.xcassets in Resources */ = {isa = PBXBuildFile; fileRef = FDEB84C728489A8D00265219 /* Assets.xcassets */; };
		FDEB84CB28489A8D00265219 /* Preview Assets.xcassets in Resources */ = {isa = PBXBuildFile; fileRef = FDEB84CA28489A8D00265219 /* Preview Assets.xcassets */; };
		FDEB84D22848A04900265219 /* PulsingAnimationView.swift in Sources */ = {isa = PBXBuildFile; fileRef = FDEB84D12848A04900265219 /* PulsingAnimationView.swift */; };
		FDEB84D42848A28100265219 /* BindingViewsForAnimationView.swift in Sources */ = {isa = PBXBuildFile; fileRef = FDEB84D32848A28100265219 /* BindingViewsForAnimationView.swift */; };
		FDEB84D62848A6D900265219 /* ExplicitAnimationView.swift in Sources */ = {isa = PBXBuildFile; fileRef = FDEB84D52848A6D900265219 /* ExplicitAnimationView.swift */; };
		FDEB84D82848B34400265219 /* AnimationStack.swift in Sources */ = {isa = PBXBuildFile; fileRef = FDEB84D72848B34400265219 /* AnimationStack.swift */; };
		FDEB84DA2848B6E000265219 /* GestureAnimation.swift in Sources */ = {isa = PBXBuildFile; fileRef = FDEB84D92848B6E000265219 /* GestureAnimation.swift */; };
		FDEB84DC2848C06100265219 /* ShowHideAnimation.swift in Sources */ = {isa = PBXBuildFile; fileRef = FDEB84DB2848C06100265219 /* ShowHideAnimation.swift */; };
		FDEB84DE2848C73600265219 /* CustomTransition.swift in Sources */ = {isa = PBXBuildFile; fileRef = FDEB84DD2848C73600265219 /* CustomTransition.swift */; };
/* End PBXBuildFile section */

/* Begin PBXFileReference section */
		FDEB84C028489A8C00265219 /* Animations.app */ = {isa = PBXFileReference; explicitFileType = wrapper.application; includeInIndex = 0; path = Animations.app; sourceTree = BUILT_PRODUCTS_DIR; };
		FDEB84C328489A8C00265219 /* AnimationsApp.swift */ = {isa = PBXFileReference; lastKnownFileType = sourcecode.swift; path = AnimationsApp.swift; sourceTree = "<group>"; };
		FDEB84C528489A8C00265219 /* ContentView.swift */ = {isa = PBXFileReference; lastKnownFileType = sourcecode.swift; path = ContentView.swift; sourceTree = "<group>"; };
		FDEB84C728489A8D00265219 /* Assets.xcassets */ = {isa = PBXFileReference; lastKnownFileType = folder.assetcatalog; path = Assets.xcassets; sourceTree = "<group>"; };
		FDEB84CA28489A8D00265219 /* Preview Assets.xcassets */ = {isa = PBXFileReference; lastKnownFileType = folder.assetcatalog; path = "Preview Assets.xcassets"; sourceTree = "<group>"; };
		FDEB84D12848A04900265219 /* PulsingAnimationView.swift */ = {isa = PBXFileReference; lastKnownFileType = sourcecode.swift; path = PulsingAnimationView.swift; sourceTree = "<group>"; };
		FDEB84D32848A28100265219 /* BindingViewsForAnimationView.swift */ = {isa = PBXFileReference; lastKnownFileType = sourcecode.swift; path = BindingViewsForAnimationView.swift; sourceTree = "<group>"; };
		FDEB84D52848A6D900265219 /* ExplicitAnimationView.swift */ = {isa = PBXFileReference; lastKnownFileType = sourcecode.swift; path = ExplicitAnimationView.swift; sourceTree = "<group>"; };
		FDEB84D72848B34400265219 /* AnimationStack.swift */ = {isa = PBXFileReference; lastKnownFileType = sourcecode.swift; path = AnimationStack.swift; sourceTree = "<group>"; };
		FDEB84D92848B6E000265219 /* GestureAnimation.swift */ = {isa = PBXFileReference; lastKnownFileType = sourcecode.swift; path = GestureAnimation.swift; sourceTree = "<group>"; };
		FDEB84DB2848C06100265219 /* ShowHideAnimation.swift */ = {isa = PBXFileReference; lastKnownFileType = sourcecode.swift; path = ShowHideAnimation.swift; sourceTree = "<group>"; };
		FDEB84DD2848C73600265219 /* CustomTransition.swift */ = {isa = PBXFileReference; lastKnownFileType = sourcecode.swift; path = CustomTransition.swift; sourceTree = "<group>"; };
/* End PBXFileReference section */

/* Begin PBXFrameworksBuildPhase section */
		FDEB84BD28489A8C00265219 /* Frameworks */ = {
			isa = PBXFrameworksBuildPhase;
			buildActionMask = 2147483647;
			files = (
			);
			runOnlyForDeploymentPostprocessing = 0;
		};
/* End PBXFrameworksBuildPhase section */

/* Begin PBXGroup section */
		FDEB84B728489A8C00265219 = {
			isa = PBXGroup;
			children = (
				FDEB84C228489A8C00265219 /* Animations */,
				FDEB84C128489A8C00265219 /* Products */,
			);
			sourceTree = "<group>";
		};
		FDEB84C128489A8C00265219 /* Products */ = {
			isa = PBXGroup;
			children = (
				FDEB84C028489A8C00265219 /* Animations.app */,
			);
			name = Products;
			sourceTree = "<group>";
		};
		FDEB84C228489A8C00265219 /* Animations */ = {
			isa = PBXGroup;
			children = (
				FDEB84C328489A8C00265219 /* AnimationsApp.swift */,
				FDEB84C528489A8C00265219 /* ContentView.swift */,
				FDEB84D72848B34400265219 /* AnimationStack.swift */,
				FDEB84D32848A28100265219 /* BindingViewsForAnimationView.swift */,
				FDEB84DD2848C73600265219 /* CustomTransition.swift */,
				FDEB84D52848A6D900265219 /* ExplicitAnimationView.swift */,
				FDEB84D92848B6E000265219 /* GestureAnimation.swift */,
				FDEB84D12848A04900265219 /* PulsingAnimationView.swift */,
				FDEB84DB2848C06100265219 /* ShowHideAnimation.swift */,
				FDEB84C728489A8D00265219 /* Assets.xcassets */,
				FDEB84C928489A8D00265219 /* Preview Content */,
			);
			path = Animations;
			sourceTree = "<group>";
		};
		FDEB84C928489A8D00265219 /* Preview Content */ = {
			isa = PBXGroup;
			children = (
				FDEB84CA28489A8D00265219 /* Preview Assets.xcassets */,
			);
			path = "Preview Content";
			sourceTree = "<group>";
		};
/* End PBXGroup section */

/* Begin PBXNativeTarget section */
		FDEB84BF28489A8C00265219 /* Animations */ = {
			isa = PBXNativeTarget;
			buildConfigurationList = FDEB84CE28489A8D00265219 /* Build configuration list for PBXNativeTarget "Animations" */;
			buildPhases = (
				FDEB84BC28489A8C00265219 /* Sources */,
				FDEB84BD28489A8C00265219 /* Frameworks */,
				FDEB84BE28489A8C00265219 /* Resources */,
			);
			buildRules = (
			);
			dependencies = (
			);
			name = Animations;
			productName = Animations;
			productReference = FDEB84C028489A8C00265219 /* Animations.app */;
			productType = "com.apple.product-type.application";
		};
/* End PBXNativeTarget section */

/* Begin PBXProject section */
		FDEB84B828489A8C00265219 /* Project object */ = {
			isa = PBXProject;
			attributes = {
				BuildIndependentTargetsInParallel = 1;
				LastSwiftUpdateCheck = 1340;
				LastUpgradeCheck = 1340;
				TargetAttributes = {
					FDEB84BF28489A8C00265219 = {
						CreatedOnToolsVersion = 13.4;
					};
				};
			};
			buildConfigurationList = FDEB84BB28489A8C00265219 /* Build configuration list for PBXProject "Animations" */;
			compatibilityVersion = "Xcode 13.0";
			developmentRegion = en;
			hasScannedForEncodings = 0;
			knownRegions = (
				en,
				Base,
			);
			mainGroup = FDEB84B728489A8C00265219;
			productRefGroup = FDEB84C128489A8C00265219 /* Products */;
			projectDirPath = "";
			projectRoot = "";
			targets = (
				FDEB84BF28489A8C00265219 /* Animations */,
			);
		};
/* End PBXProject section */

/* Begin PBXResourcesBuildPhase section */
		FDEB84BE28489A8C00265219 /* Resources */ = {
			isa = PBXResourcesBuildPhase;
			buildActionMask = 2147483647;
			files = (
				FDEB84CB28489A8D00265219 /* Preview Assets.xcassets in Resources */,
				FDEB84C828489A8D00265219 /* Assets.xcassets in Resources */,
			);
			runOnlyForDeploymentPostprocessing = 0;
		};
/* End PBXResourcesBuildPhase section */

/* Begin PBXSourcesBuildPhase section */
		FDEB84BC28489A8C00265219 /* Sources */ = {
			isa = PBXSourcesBuildPhase;
			buildActionMask = 2147483647;
			files = (
				FDEB84DA2848B6E000265219 /* GestureAnimation.swift in Sources */,
				FDEB84C628489A8C00265219 /* ContentView.swift in Sources */,
				FDEB84D82848B34400265219 /* AnimationStack.swift in Sources */,
				FDEB84D22848A04900265219 /* PulsingAnimationView.swift in Sources */,
				FDEB84DE2848C73600265219 /* CustomTransition.swift in Sources */,
				FDEB84D62848A6D900265219 /* ExplicitAnimationView.swift in Sources */,
				FDEB84DC2848C06100265219 /* ShowHideAnimation.swift in Sources */,
				FDEB84C428489A8C00265219 /* AnimationsApp.swift in Sources */,
				FDEB84D42848A28100265219 /* BindingViewsForAnimationView.swift in Sources */,
			);
			runOnlyForDeploymentPostprocessing = 0;
		};
/* End PBXSourcesBuildPhase section */

/* Begin XCBuildConfiguration section */
		FDEB84CC28489A8D00265219 /* Debug */ = {
			isa = XCBuildConfiguration;
			buildSettings = {
				ALWAYS_SEARCH_USER_PATHS = NO;
				CLANG_ANALYZER_NONNULL = YES;
				CLANG_ANALYZER_NUMBER_OBJECT_CONVERSION = YES_AGGRESSIVE;
				CLANG_CXX_LANGUAGE_STANDARD = "gnu++17";
				CLANG_ENABLE_MODULES = YES;
				CLANG_ENABLE_OBJC_ARC = YES;
				CLANG_ENABLE_OBJC_WEAK = YES;
				CLANG_WARN_BLOCK_CAPTURE_AUTORELEASING = YES;
				CLANG_WARN_BOOL_CONVERSION = YES;
				CLANG_WARN_COMMA = YES;
				CLANG_WARN_CONSTANT_CONVERSION = YES;
				CLANG_WARN_DEPRECATED_OBJC_IMPLEMENTATIONS = YES;
				CLANG_WARN_DIRECT_OBJC_ISA_USAGE = YES_ERROR;
				CLANG_WARN_DOCUMENTATION_COMMENTS = YES;
				CLANG_WARN_EMPTY_BODY = YES;
				CLANG_WARN_ENUM_CONVERSION = YES;
				CLANG_WARN_INFINITE_RECURSION = YES;
				CLANG_WARN_INT_CONVERSION = YES;
				CLANG_WARN_NON_LITERAL_NULL_CONVERSION = YES;
				CLANG_WARN_OBJC_IMPLICIT_RETAIN_SELF = YES;
				CLANG_WARN_OBJC_LITERAL_CONVERSION = YES;
				CLANG_WARN_OBJC_ROOT_CLASS = YES_ERROR;
				CLANG_WARN_QUOTED_INCLUDE_IN_FRAMEWORK_HEADER = YES;
				CLANG_WARN_RANGE_LOOP_ANALYSIS = YES;
				CLANG_WARN_STRICT_PROTOTYPES = YES;
				CLANG_WARN_SUSPICIOUS_MOVE = YES;
				CLANG_WARN_UNGUARDED_AVAILABILITY = YES_AGGRESSIVE;
				CLANG_WARN_UNREACHABLE_CODE = YES;
				CLANG_WARN__DUPLICATE_METHOD_MATCH = YES;
				COPY_PHASE_STRIP = NO;
				DEBUG_INFORMATION_FORMAT = dwarf;
				ENABLE_STRICT_OBJC_MSGSEND = YES;
				ENABLE_TESTABILITY = YES;
				GCC_C_LANGUAGE_STANDARD = gnu11;
				GCC_DYNAMIC_NO_PIC = NO;
				GCC_NO_COMMON_BLOCKS = YES;
				GCC_OPTIMIZATION_LEVEL = 0;
				GCC_PREPROCESSOR_DEFINITIONS = (
					"DEBUG=1",
					"$(inherited)",
				);
				GCC_WARN_64_TO_32_BIT_CONVERSION = YES;
				GCC_WARN_ABOUT_RETURN_TYPE = YES_ERROR;
				GCC_WARN_UNDECLARED_SELECTOR = YES;
				GCC_WARN_UNINITIALIZED_AUTOS = YES_AGGRESSIVE;
				GCC_WARN_UNUSED_FUNCTION = YES;
				GCC_WARN_UNUSED_VARIABLE = YES;
				IPHONEOS_DEPLOYMENT_TARGET = 15.5;
				MTL_ENABLE_DEBUG_INFO = INCLUDE_SOURCE;
				MTL_FAST_MATH = YES;
				ONLY_ACTIVE_ARCH = YES;
				SDKROOT = iphoneos;
				SWIFT_ACTIVE_COMPILATION_CONDITIONS = DEBUG;
				SWIFT_OPTIMIZATION_LEVEL = "-Onone";
			};
			name = Debug;
		};
		FDEB84CD28489A8D00265219 /* Release */ = {
			isa = XCBuildConfiguration;
			buildSettings = {
				ALWAYS_SEARCH_USER_PATHS = NO;
				CLANG_ANALYZER_NONNULL = YES;
				CLANG_ANALYZER_NUMBER_OBJECT_CONVERSION = YES_AGGRESSIVE;
				CLANG_CXX_LANGUAGE_STANDARD = "gnu++17";
				CLANG_ENABLE_MODULES = YES;
				CLANG_ENABLE_OBJC_ARC = YES;
				CLANG_ENABLE_OBJC_WEAK = YES;
				CLANG_WARN_BLOCK_CAPTURE_AUTORELEASING = YES;
				CLANG_WARN_BOOL_CONVERSION = YES;
				CLANG_WARN_COMMA = YES;
				CLANG_WARN_CONSTANT_CONVERSION = YES;
				CLANG_WARN_DEPRECATED_OBJC_IMPLEMENTATIONS = YES;
				CLANG_WARN_DIRECT_OBJC_ISA_USAGE = YES_ERROR;
				CLANG_WARN_DOCUMENTATION_COMMENTS = YES;
				CLANG_WARN_EMPTY_BODY = YES;
				CLANG_WARN_ENUM_CONVERSION = YES;
				CLANG_WARN_INFINITE_RECURSION = YES;
				CLANG_WARN_INT_CONVERSION = YES;
				CLANG_WARN_NON_LITERAL_NULL_CONVERSION = YES;
				CLANG_WARN_OBJC_IMPLICIT_RETAIN_SELF = YES;
				CLANG_WARN_OBJC_LITERAL_CONVERSION = YES;
				CLANG_WARN_OBJC_ROOT_CLASS = YES_ERROR;
				CLANG_WARN_QUOTED_INCLUDE_IN_FRAMEWORK_HEADER = YES;
				CLANG_WARN_RANGE_LOOP_ANALYSIS = YES;
				CLANG_WARN_STRICT_PROTOTYPES = YES;
				CLANG_WARN_SUSPICIOUS_MOVE = YES;
				CLANG_WARN_UNGUARDED_AVAILABILITY = YES_AGGRESSIVE;
				CLANG_WARN_UNREACHABLE_CODE = YES;
				CLANG_WARN__DUPLICATE_METHOD_MATCH = YES;
				COPY_PHASE_STRIP = NO;
				DEBUG_INFORMATION_FORMAT = "dwarf-with-dsym";
				ENABLE_NS_ASSERTIONS = NO;
				ENABLE_STRICT_OBJC_MSGSEND = YES;
				GCC_C_LANGUAGE_STANDARD = gnu11;
				GCC_NO_COMMON_BLOCKS = YES;
				GCC_WARN_64_TO_32_BIT_CONVERSION = YES;
				GCC_WARN_ABOUT_RETURN_TYPE = YES_ERROR;
				GCC_WARN_UNDECLARED_SELECTOR = YES;
				GCC_WARN_UNINITIALIZED_AUTOS = YES_AGGRESSIVE;
				GCC_WARN_UNUSED_FUNCTION = YES;
				GCC_WARN_UNUSED_VARIABLE = YES;
				IPHONEOS_DEPLOYMENT_TARGET = 15.5;
				MTL_ENABLE_DEBUG_INFO = NO;
				MTL_FAST_MATH = YES;
				SDKROOT = iphoneos;
				SWIFT_COMPILATION_MODE = wholemodule;
				SWIFT_OPTIMIZATION_LEVEL = "-O";
				VALIDATE_PRODUCT = YES;
			};
			name = Release;
		};
		FDEB84CF28489A8D00265219 /* Debug */ = {
			isa = XCBuildConfiguration;
			buildSettings = {
				ASSETCATALOG_COMPILER_APPICON_NAME = AppIcon;
				ASSETCATALOG_COMPILER_GLOBAL_ACCENT_COLOR_NAME = AccentColor;
				CODE_SIGN_STYLE = Automatic;
				CURRENT_PROJECT_VERSION = 1;
				DEVELOPMENT_ASSET_PATHS = "\"Animations/Preview Content\"";
				DEVELOPMENT_TEAM = 93336KV4Q7;
				ENABLE_PREVIEWS = YES;
				GENERATE_INFOPLIST_FILE = YES;
				INFOPLIST_KEY_UIApplicationSceneManifest_Generation = YES;
				INFOPLIST_KEY_UIApplicationSupportsIndirectInputEvents = YES;
				INFOPLIST_KEY_UILaunchScreen_Generation = YES;
				INFOPLIST_KEY_UISupportedInterfaceOrientations_iPad = "UIInterfaceOrientationPortrait UIInterfaceOrientationPortraitUpsideDown UIInterfaceOrientationLandscapeLeft UIInterfaceOrientationLandscapeRight";
				INFOPLIST_KEY_UISupportedInterfaceOrientations_iPhone = "UIInterfaceOrientationPortrait UIInterfaceOrientationLandscapeLeft UIInterfaceOrientationLandscapeRight";
				LD_RUNPATH_SEARCH_PATHS = (
					"$(inherited)",
					"@executable_path/Frameworks",
				);
				MARKETING_VERSION = 1.0;
				PRODUCT_BUNDLE_IDENTIFIER = com.nadzeya.shpakouskaya.Animations;
				PRODUCT_NAME = "$(TARGET_NAME)";
				SWIFT_EMIT_LOC_STRINGS = YES;
				SWIFT_VERSION = 5.0;
				TARGETED_DEVICE_FAMILY = "1,2";
			};
			name = Debug;
		};
		FDEB84D028489A8D00265219 /* Release */ = {
			isa = XCBuildConfiguration;
			buildSettings = {
				ASSETCATALOG_COMPILER_APPICON_NAME = AppIcon;
				ASSETCATALOG_COMPILER_GLOBAL_ACCENT_COLOR_NAME = AccentColor;
				CODE_SIGN_STYLE = Automatic;
				CURRENT_PROJECT_VERSION = 1;
				DEVELOPMENT_ASSET_PATHS = "\"Animations/Preview Content\"";
				DEVELOPMENT_TEAM = 93336KV4Q7;
				ENABLE_PREVIEWS = YES;
				GENERATE_INFOPLIST_FILE = YES;
				INFOPLIST_KEY_UIApplicationSceneManifest_Generation = YES;
				INFOPLIST_KEY_UIApplicationSupportsIndirectInputEvents = YES;
				INFOPLIST_KEY_UILaunchScreen_Generation = YES;
				INFOPLIST_KEY_UISupportedInterfaceOrientations_iPad = "UIInterfaceOrientationPortrait UIInterfaceOrientationPortraitUpsideDown UIInterfaceOrientationLandscapeLeft UIInterfaceOrientationLandscapeRight";
				INFOPLIST_KEY_UISupportedInterfaceOrientations_iPhone = "UIInterfaceOrientationPortrait UIInterfaceOrientationLandscapeLeft UIInterfaceOrientationLandscapeRight";
				LD_RUNPATH_SEARCH_PATHS = (
					"$(inherited)",
					"@executable_path/Frameworks",
				);
				MARKETING_VERSION = 1.0;
				PRODUCT_BUNDLE_IDENTIFIER = com.nadzeya.shpakouskaya.Animations;
				PRODUCT_NAME = "$(TARGET_NAME)";
				SWIFT_EMIT_LOC_STRINGS = YES;
				SWIFT_VERSION = 5.0;
				TARGETED_DEVICE_FAMILY = "1,2";
			};
			name = Release;
		};
/* End XCBuildConfiguration section */

/* Begin XCConfigurationList section */
		FDEB84BB28489A8C00265219 /* Build configuration list for PBXProject "Animations" */ = {
			isa = XCConfigurationList;
			buildConfigurations = (
				FDEB84CC28489A8D00265219 /* Debug */,
				FDEB84CD28489A8D00265219 /* Release */,
			);
			defaultConfigurationIsVisible = 0;
			defaultConfigurationName = Release;
		};
		FDEB84CE28489A8D00265219 /* Build configuration list for PBXNativeTarget "Animations" */ = {
			isa = XCConfigurationList;
			buildConfigurations = (
				FDEB84CF28489A8D00265219 /* Debug */,
				FDEB84D028489A8D00265219 /* Release */,
			);
			defaultConfigurationIsVisible = 0;
			defaultConfigurationName = Release;
		};
/* End XCConfigurationList section */
	};
	rootObject = FDEB84B828489A8C00265219 /* Project object */;
}
