// !$*UTF8*$!
{
	archiveVersion = 1;
	classes = {
	};
	objectVersion = 55;
	objects = {

/* Begin PBXBuildFile section */
		FDF401B32860577C00DA1E65 /* Cupcake_cornerApp.swift in Sources */ = {isa = PBXBuildFile; fileRef = FDF401B22860577C00DA1E65 /* Cupcake_cornerApp.swift */; };
		FDF401B72860577D00DA1E65 /* Assets.xcassets in Resources */ = {isa = PBXBuildFile; fileRef = FDF401B62860577D00DA1E65 /* Assets.xcassets */; };
		FDF401BA2860577D00DA1E65 /* Preview Assets.xcassets in Resources */ = {isa = PBXBuildFile; fileRef = FDF401B92860577D00DA1E65 /* Preview Assets.xcassets */; };
		FDF401C128607E3B00DA1E65 /* LearningView.swift in Sources */ = {isa = PBXBuildFile; fileRef = FDF401C028607E3A00DA1E65 /* LearningView.swift */; };
		FDF401C328607E7300DA1E65 /* MainView.swift in Sources */ = {isa = PBXBuildFile; fileRef = FDF401C228607E7300DA1E65 /* MainView.swift */; };
		FDF401C528607E9300DA1E65 /* Order.swift in Sources */ = {isa = PBXBuildFile; fileRef = FDF401C428607E9300DA1E65 /* Order.swift */; };
		FDF401C72860839F00DA1E65 /* AddressView.swift in Sources */ = {isa = PBXBuildFile; fileRef = FDF401C62860839F00DA1E65 /* AddressView.swift */; };
		FDF401C9286085F700DA1E65 /* CheckoutView.swift in Sources */ = {isa = PBXBuildFile; fileRef = FDF401C8286085F700DA1E65 /* CheckoutView.swift */; };
/* End PBXBuildFile section */

/* Begin PBXFileReference section */
		FDF401AF2860577C00DA1E65 /* Cupcake corner.app */ = {isa = PBXFileReference; explicitFileType = wrapper.application; includeInIndex = 0; path = "Cupcake corner.app"; sourceTree = BUILT_PRODUCTS_DIR; };
		FDF401B22860577C00DA1E65 /* Cupcake_cornerApp.swift */ = {isa = PBXFileReference; lastKnownFileType = sourcecode.swift; path = Cupcake_cornerApp.swift; sourceTree = "<group>"; };
		FDF401B62860577D00DA1E65 /* Assets.xcassets */ = {isa = PBXFileReference; lastKnownFileType = folder.assetcatalog; path = Assets.xcassets; sourceTree = "<group>"; };
		FDF401B92860577D00DA1E65 /* Preview Assets.xcassets */ = {isa = PBXFileReference; lastKnownFileType = folder.assetcatalog; path = "Preview Assets.xcassets"; sourceTree = "<group>"; };
		FDF401C028607E3A00DA1E65 /* LearningView.swift */ = {isa = PBXFileReference; lastKnownFileType = sourcecode.swift; path = LearningView.swift; sourceTree = "<group>"; };
		FDF401C228607E7300DA1E65 /* MainView.swift */ = {isa = PBXFileReference; lastKnownFileType = sourcecode.swift; path = MainView.swift; sourceTree = "<group>"; };
		FDF401C428607E9300DA1E65 /* Order.swift */ = {isa = PBXFileReference; lastKnownFileType = sourcecode.swift; path = Order.swift; sourceTree = "<group>"; };
		FDF401C62860839F00DA1E65 /* AddressView.swift */ = {isa = PBXFileReference; lastKnownFileType = sourcecode.swift; path = AddressView.swift; sourceTree = "<group>"; };
		FDF401C8286085F700DA1E65 /* CheckoutView.swift */ = {isa = PBXFileReference; lastKnownFileType = sourcecode.swift; path = CheckoutView.swift; sourceTree = "<group>"; };
/* End PBXFileReference section */

/* Begin PBXFrameworksBuildPhase section */
		FDF401AC2860577C00DA1E65 /* Frameworks */ = {
			isa = PBXFrameworksBuildPhase;
			buildActionMask = 2147483647;
			files = (
			);
			runOnlyForDeploymentPostprocessing = 0;
		};
/* End PBXFrameworksBuildPhase section */

/* Begin PBXGroup section */
		FDF401A62860577C00DA1E65 = {
			isa = PBXGroup;
			children = (
				FDF401B12860577C00DA1E65 /* Cupcake corner */,
				FDF401B02860577C00DA1E65 /* Products */,
			);
			sourceTree = "<group>";
		};
		FDF401B02860577C00DA1E65 /* Products */ = {
			isa = PBXGroup;
			children = (
				FDF401AF2860577C00DA1E65 /* Cupcake corner.app */,
			);
			name = Products;
			sourceTree = "<group>";
		};
		FDF401B12860577C00DA1E65 /* Cupcake corner */ = {
			isa = PBXGroup;
			children = (
				FDF401B22860577C00DA1E65 /* Cupcake_cornerApp.swift */,
				FDF401C228607E7300DA1E65 /* MainView.swift */,
				FDF401C8286085F700DA1E65 /* CheckoutView.swift */,
				FDF401C62860839F00DA1E65 /* AddressView.swift */,
				FDF401C428607E9300DA1E65 /* Order.swift */,
				FDF401C028607E3A00DA1E65 /* LearningView.swift */,
				FDF401B62860577D00DA1E65 /* Assets.xcassets */,
				FDF401B82860577D00DA1E65 /* Preview Content */,
			);
			path = "Cupcake corner";
			sourceTree = "<group>";
		};
		FDF401B82860577D00DA1E65 /* Preview Content */ = {
			isa = PBXGroup;
			children = (
				FDF401B92860577D00DA1E65 /* Preview Assets.xcassets */,
			);
			path = "Preview Content";
			sourceTree = "<group>";
		};
/* End PBXGroup section */

/* Begin PBXNativeTarget section */
		FDF401AE2860577C00DA1E65 /* Cupcake corner */ = {
			isa = PBXNativeTarget;
			buildConfigurationList = FDF401BD2860577D00DA1E65 /* Build configuration list for PBXNativeTarget "Cupcake corner" */;
			buildPhases = (
				FDF401AB2860577C00DA1E65 /* Sources */,
				FDF401AC2860577C00DA1E65 /* Frameworks */,
				FDF401AD2860577C00DA1E65 /* Resources */,
			);
			buildRules = (
			);
			dependencies = (
			);
			name = "Cupcake corner";
			productName = "Cupcake corner";
			productReference = FDF401AF2860577C00DA1E65 /* Cupcake corner.app */;
			productType = "com.apple.product-type.application";
		};
/* End PBXNativeTarget section */

/* Begin PBXProject section */
		FDF401A72860577C00DA1E65 /* Project object */ = {
			isa = PBXProject;
			attributes = {
				BuildIndependentTargetsInParallel = 1;
				LastSwiftUpdateCheck = 1340;
				LastUpgradeCheck = 1340;
				TargetAttributes = {
					FDF401AE2860577C00DA1E65 = {
						CreatedOnToolsVersion = 13.4.1;
					};
				};
			};
			buildConfigurationList = FDF401AA2860577C00DA1E65 /* Build configuration list for PBXProject "Cupcake corner" */;
			compatibilityVersion = "Xcode 13.0";
			developmentRegion = en;
			hasScannedForEncodings = 0;
			knownRegions = (
				en,
				Base,
			);
			mainGroup = FDF401A62860577C00DA1E65;
			productRefGroup = FDF401B02860577C00DA1E65 /* Products */;
			projectDirPath = "";
			projectRoot = "";
			targets = (
				FDF401AE2860577C00DA1E65 /* Cupcake corner */,
			);
		};
/* End PBXProject section */

/* Begin PBXResourcesBuildPhase section */
		FDF401AD2860577C00DA1E65 /* Resources */ = {
			isa = PBXResourcesBuildPhase;
			buildActionMask = 2147483647;
			files = (
				FDF401BA2860577D00DA1E65 /* Preview Assets.xcassets in Resources */,
				FDF401B72860577D00DA1E65 /* Assets.xcassets in Resources */,
			);
			runOnlyForDeploymentPostprocessing = 0;
		};
/* End PBXResourcesBuildPhase section */

/* Begin PBXSourcesBuildPhase section */
		FDF401AB2860577C00DA1E65 /* Sources */ = {
			isa = PBXSourcesBuildPhase;
			buildActionMask = 2147483647;
			files = (
				FDF401B32860577C00DA1E65 /* Cupcake_cornerApp.swift in Sources */,
				FDF401C328607E7300DA1E65 /* MainView.swift in Sources */,
				FDF401C9286085F700DA1E65 /* CheckoutView.swift in Sources */,
				FDF401C528607E9300DA1E65 /* Order.swift in Sources */,
				FDF401C128607E3B00DA1E65 /* LearningView.swift in Sources */,
				FDF401C72860839F00DA1E65 /* AddressView.swift in Sources */,
			);
			runOnlyForDeploymentPostprocessing = 0;
		};
/* End PBXSourcesBuildPhase section */

/* Begin XCBuildConfiguration section */
		FDF401BB2860577D00DA1E65 /* Debug */ = {
			isa = XCBuildConfiguration;
			buildSettings = {
				ALWAYS_SEARCH_USER_PATHS = NO;
				CLANG_ANALYZER_NONNULL = YES;
				CLANG_ANALYZER_NUMBER_OBJECT_CONVERSION = YES_AGGRESSIVE;
				CLANG_CXX_LANGUAGE_STANDARD = "gnu++17";
				CLANG_ENABLE_MODULES = YES;
				CLANG_ENABLE_OBJC_ARC = YES;
				CLANG_ENABLE_OBJC_WEAK = YES;
				CLANG_WARN_BLOCK_CAPTURE_AUTORELEASING = YES;
				CLANG_WARN_BOOL_CONVERSION = YES;
				CLANG_WARN_COMMA = YES;
				CLANG_WARN_CONSTANT_CONVERSION = YES;
				CLANG_WARN_DEPRECATED_OBJC_IMPLEMENTATIONS = YES;
				CLANG_WARN_DIRECT_OBJC_ISA_USAGE = YES_ERROR;
				CLANG_WARN_DOCUMENTATION_COMMENTS = YES;
				CLANG_WARN_EMPTY_BODY = YES;
				CLANG_WARN_ENUM_CONVERSION = YES;
				CLANG_WARN_INFINITE_RECURSION = YES;
				CLANG_WARN_INT_CONVERSION = YES;
				CLANG_WARN_NON_LITERAL_NULL_CONVERSION = YES;
				CLANG_WARN_OBJC_IMPLICIT_RETAIN_SELF = YES;
				CLANG_WARN_OBJC_LITERAL_CONVERSION = YES;
				CLANG_WARN_OBJC_ROOT_CLASS = YES_ERROR;
				CLANG_WARN_QUOTED_INCLUDE_IN_FRAMEWORK_HEADER = YES;
				CLANG_WARN_RANGE_LOOP_ANALYSIS = YES;
				CLANG_WARN_STRICT_PROTOTYPES = YES;
				CLANG_WARN_SUSPICIOUS_MOVE = YES;
				CLANG_WARN_UNGUARDED_AVAILABILITY = YES_AGGRESSIVE;
				CLANG_WARN_UNREACHABLE_CODE = YES;
				CLANG_WARN__DUPLICATE_METHOD_MATCH = YES;
				COPY_PHASE_STRIP = NO;
				DEBUG_INFORMATION_FORMAT = dwarf;
				ENABLE_STRICT_OBJC_MSGSEND = YES;
				ENABLE_TESTABILITY = YES;
				GCC_C_LANGUAGE_STANDARD = gnu11;
				GCC_DYNAMIC_NO_PIC = NO;
				GCC_NO_COMMON_BLOCKS = YES;
				GCC_OPTIMIZATION_LEVEL = 0;
				GCC_PREPROCESSOR_DEFINITIONS = (
					"DEBUG=1",
					"$(inherited)",
				);
				GCC_WARN_64_TO_32_BIT_CONVERSION = YES;
				GCC_WARN_ABOUT_RETURN_TYPE = YES_ERROR;
				GCC_WARN_UNDECLARED_SELECTOR = YES;
				GCC_WARN_UNINITIALIZED_AUTOS = YES_AGGRESSIVE;
				GCC_WARN_UNUSED_FUNCTION = YES;
				GCC_WARN_UNUSED_VARIABLE = YES;
				IPHONEOS_DEPLOYMENT_TARGET = 15.5;
				MTL_ENABLE_DEBUG_INFO = INCLUDE_SOURCE;
				MTL_FAST_MATH = YES;
				ONLY_ACTIVE_ARCH = YES;
				SDKROOT = iphoneos;
				SWIFT_ACTIVE_COMPILATION_CONDITIONS = DEBUG;
				SWIFT_OPTIMIZATION_LEVEL = "-Onone";
			};
			name = Debug;
		};
		FDF401BC2860577D00DA1E65 /* Release */ = {
			isa = XCBuildConfiguration;
			buildSettings = {
				ALWAYS_SEARCH_USER_PATHS = NO;
				CLANG_ANALYZER_NONNULL = YES;
				CLANG_ANALYZER_NUMBER_OBJECT_CONVERSION = YES_AGGRESSIVE;
				CLANG_CXX_LANGUAGE_STANDARD = "gnu++17";
				CLANG_ENABLE_MODULES = YES;
				CLANG_ENABLE_OBJC_ARC = YES;
				CLANG_ENABLE_OBJC_WEAK = YES;
				CLANG_WARN_BLOCK_CAPTURE_AUTORELEASING = YES;
				CLANG_WARN_BOOL_CONVERSION = YES;
				CLANG_WARN_COMMA = YES;
				CLANG_WARN_CONSTANT_CONVERSION = YES;
				CLANG_WARN_DEPRECATED_OBJC_IMPLEMENTATIONS = YES;
				CLANG_WARN_DIRECT_OBJC_ISA_USAGE = YES_ERROR;
				CLANG_WARN_DOCUMENTATION_COMMENTS = YES;
				CLANG_WARN_EMPTY_BODY = YES;
				CLANG_WARN_ENUM_CONVERSION = YES;
				CLANG_WARN_INFINITE_RECURSION = YES;
				CLANG_WARN_INT_CONVERSION = YES;
				CLANG_WARN_NON_LITERAL_NULL_CONVERSION = YES;
				CLANG_WARN_OBJC_IMPLICIT_RETAIN_SELF = YES;
				CLANG_WARN_OBJC_LITERAL_CONVERSION = YES;
				CLANG_WARN_OBJC_ROOT_CLASS = YES_ERROR;
				CLANG_WARN_QUOTED_INCLUDE_IN_FRAMEWORK_HEADER = YES;
				CLANG_WARN_RANGE_LOOP_ANALYSIS = YES;
				CLANG_WARN_STRICT_PROTOTYPES = YES;
				CLANG_WARN_SUSPICIOUS_MOVE = YES;
				CLANG_WARN_UNGUARDED_AVAILABILITY = YES_AGGRESSIVE;
				CLANG_WARN_UNREACHABLE_CODE = YES;
				CLANG_WARN__DUPLICATE_METHOD_MATCH = YES;
				COPY_PHASE_STRIP = NO;
				DEBUG_INFORMATION_FORMAT = "dwarf-with-dsym";
				ENABLE_NS_ASSERTIONS = NO;
				ENABLE_STRICT_OBJC_MSGSEND = YES;
				GCC_C_LANGUAGE_STANDARD = gnu11;
				GCC_NO_COMMON_BLOCKS = YES;
				GCC_WARN_64_TO_32_BIT_CONVERSION = YES;
				GCC_WARN_ABOUT_RETURN_TYPE = YES_ERROR;
				GCC_WARN_UNDECLARED_SELECTOR = YES;
				GCC_WARN_UNINITIALIZED_AUTOS = YES_AGGRESSIVE;
				GCC_WARN_UNUSED_FUNCTION = YES;
				GCC_WARN_UNUSED_VARIABLE = YES;
				IPHONEOS_DEPLOYMENT_TARGET = 15.5;
				MTL_ENABLE_DEBUG_INFO = NO;
				MTL_FAST_MATH = YES;
				SDKROOT = iphoneos;
				SWIFT_COMPILATION_MODE = wholemodule;
				SWIFT_OPTIMIZATION_LEVEL = "-O";
				VALIDATE_PRODUCT = YES;
			};
			name = Release;
		};
		FDF401BE2860577D00DA1E65 /* Debug */ = {
			isa = XCBuildConfiguration;
			buildSettings = {
				ASSETCATALOG_COMPILER_APPICON_NAME = AppIcon;
				ASSETCATALOG_COMPILER_GLOBAL_ACCENT_COLOR_NAME = AccentColor;
				CODE_SIGN_STYLE = Automatic;
				CURRENT_PROJECT_VERSION = 1;
				DEVELOPMENT_ASSET_PATHS = "\"Cupcake corner/Preview Content\"";
				DEVELOPMENT_TEAM = 93336KV4Q7;
				ENABLE_PREVIEWS = YES;
				GENERATE_INFOPLIST_FILE = YES;
				INFOPLIST_KEY_UIApplicationSceneManifest_Generation = YES;
				INFOPLIST_KEY_UIApplicationSupportsIndirectInputEvents = YES;
				INFOPLIST_KEY_UILaunchScreen_Generation = YES;
				INFOPLIST_KEY_UISupportedInterfaceOrientations_iPad = "UIInterfaceOrientationPortrait UIInterfaceOrientationPortraitUpsideDown UIInterfaceOrientationLandscapeLeft UIInterfaceOrientationLandscapeRight";
				INFOPLIST_KEY_UISupportedInterfaceOrientations_iPhone = "UIInterfaceOrientationPortrait UIInterfaceOrientationLandscapeLeft UIInterfaceOrientationLandscapeRight";
				LD_RUNPATH_SEARCH_PATHS = (
					"$(inherited)",
					"@executable_path/Frameworks",
				);
				MARKETING_VERSION = 1.0;
				PRODUCT_BUNDLE_IDENTIFIER = "com.nadzeya.shpakouskaya.Cupcake-corner";
				PRODUCT_NAME = "$(TARGET_NAME)";
				SWIFT_EMIT_LOC_STRINGS = YES;
				SWIFT_VERSION = 5.0;
				TARGETED_DEVICE_FAMILY = "1,2";
			};
			name = Debug;
		};
		FDF401BF2860577D00DA1E65 /* Release */ = {
			isa = XCBuildConfiguration;
			buildSettings = {
				ASSETCATALOG_COMPILER_APPICON_NAME = AppIcon;
				ASSETCATALOG_COMPILER_GLOBAL_ACCENT_COLOR_NAME = AccentColor;
				CODE_SIGN_STYLE = Automatic;
				CURRENT_PROJECT_VERSION = 1;
				DEVELOPMENT_ASSET_PATHS = "\"Cupcake corner/Preview Content\"";
				DEVELOPMENT_TEAM = 93336KV4Q7;
				ENABLE_PREVIEWS = YES;
				GENERATE_INFOPLIST_FILE = YES;
				INFOPLIST_KEY_UIApplicationSceneManifest_Generation = YES;
				INFOPLIST_KEY_UIApplicationSupportsIndirectInputEvents = YES;
				INFOPLIST_KEY_UILaunchScreen_Generation = YES;
				INFOPLIST_KEY_UISupportedInterfaceOrientations_iPad = "UIInterfaceOrientationPortrait UIInterfaceOrientationPortraitUpsideDown UIInterfaceOrientationLandscapeLeft UIInterfaceOrientationLandscapeRight";
				INFOPLIST_KEY_UISupportedInterfaceOrientations_iPhone = "UIInterfaceOrientationPortrait UIInterfaceOrientationLandscapeLeft UIInterfaceOrientationLandscapeRight";
				LD_RUNPATH_SEARCH_PATHS = (
					"$(inherited)",
					"@executable_path/Frameworks",
				);
				MARKETING_VERSION = 1.0;
				PRODUCT_BUNDLE_IDENTIFIER = "com.nadzeya.shpakouskaya.Cupcake-corner";
				PRODUCT_NAME = "$(TARGET_NAME)";
				SWIFT_EMIT_LOC_STRINGS = YES;
				SWIFT_VERSION = 5.0;
				TARGETED_DEVICE_FAMILY = "1,2";
			};
			name = Release;
		};
/* End XCBuildConfiguration section */

/* Begin XCConfigurationList section */
		FDF401AA2860577C00DA1E65 /* Build configuration list for PBXProject "Cupcake corner" */ = {
			isa = XCConfigurationList;
			buildConfigurations = (
				FDF401BB2860577D00DA1E65 /* Debug */,
				FDF401BC2860577D00DA1E65 /* Release */,
			);
			defaultConfigurationIsVisible = 0;
			defaultConfigurationName = Release;
		};
		FDF401BD2860577D00DA1E65 /* Build configuration list for PBXNativeTarget "Cupcake corner" */ = {
			isa = XCConfigurationList;
			buildConfigurations = (
				FDF401BE2860577D00DA1E65 /* Debug */,
				FDF401BF2860577D00DA1E65 /* Release */,
			);
			defaultConfigurationIsVisible = 0;
			defaultConfigurationName = Release;
		};
/* End XCConfigurationList section */
	};
	rootObject = FDF401A72860577C00DA1E65 /* Project object */;
}
